
Microsoft Visual Studio Solution File, Format Version 12.00
# Visual Studio Version 17
VisualStudioVersion = 17.7.34202.233
MinimumVisualStudioVersion = 10.0.40219.1
Project("{FAE04EC0-301F-11D3-BF4B-00C04F79EFBC}") = "actDurableIsolated", "actDurableIsolated\actDurableIsolated.csproj", "{FEB6AFDA-DCE9-4C95-B64F-7650DD82DA59}"
EndProject
Global
	GlobalSection(SolutionConfigurationPlatforms) = preSolution
		Debug|Any CPU = Debug|Any CPU
		Release|Any CPU = Release|Any CPU
	EndGlobalSection
	GlobalSection(ProjectConfigurationPlatforms) = postSolution
		{FEB6AFDA-DCE9-4C95-B64F-7650DD82DA59}.Debug|Any CPU.ActiveCfg = Debug|Any CPU
		{FEB6AFDA-DCE9-4C95-B64F-7650DD82DA59}.Debug|Any CPU.Build.0 = Debug|Any CPU
		{FEB6AFDA-DCE9-4C95-B64F-7650DD82DA59}.Release|Any CPU.ActiveCfg = Release|Any CPU
		{FEB6AFDA-DCE9-4C95-B64F-7650DD82DA59}.Release|Any CPU.Build.0 = Release|Any CPU
	EndGlobalSection
	GlobalSection(SolutionProperties) = preSolution
		HideSolutionNode = FALSE
	EndGlobalSection
	GlobalSection(ExtensibilityGlobals) = postSolution
		SolutionGuid = {D6A2E7A9-DC2B-4B0C-B325-52E1CF659FC1}
	EndGlobalSection
EndGlobal
